{
    "version": 3,
    "terraform_version": "0.11.13",
    "serial": 5,
    "lineage": "d94fe450-91f1-125f-6639-234d107b798e",
    "modules": [
        {
            "path": [
                "root"
            ],
            "outputs": {
                "Public IP": {
                    "sensitive": false,
                    "type": "string",
                    "value": "18.214.49.75"
                }
            },
            "resources": {
                "aws_eip.elastic_ip": {
                    "type": "aws_eip",
                    "depends_on": [
                        "aws_instance.myec2"
                    ],
                    "primary": {
                        "id": "eipalloc-0c72054c840de2f68",
                        "attributes": {
                            "association_id": "eipassoc-0d0a80e53194ac562",
                            "domain": "vpc",
                            "id": "eipalloc-0c72054c840de2f68",
                            "instance": "i-091572c38a1ccae64",
                            "network_interface": "eni-02a3ba5f1c8abf3bc",
                            "private_dns": "ip-172-31-93-83.ec2.internal",
                            "private_ip": "172.31.93.83",
                            "public_dns": "ec2-18-214-49-75.compute-1.amazonaws.com",
                            "public_ip": "18.214.49.75",
                            "public_ipv4_pool": "amazon",
                            "tags.%": "0",
                            "vpc": "true"
                        },
                        "meta": {
                            "e2bfb730-ecaa-11e6-8f88-34363bc7c4c0": {
                                "delete": 180000000000,
                                "read": 900000000000,
                                "update": 300000000000
                            }
                        },
                        "tainted": false
                    },
                    "deposed": [],
                    "provider": "provider.aws"
                },
                "aws_instance.myec2": {
                    "type": "aws_instance",
                    "depends_on": [],
                    "primary": {
                        "id": "i-091572c38a1ccae64",
                        "attributes": {
                            "ami": "ami-0323c3dd2da7fb37d",
                            "arn": "arn:aws:ec2:us-east-1:831368754098:instance/i-091572c38a1ccae64",
                            "associate_public_ip_address": "true",
                            "availability_zone": "us-east-1a",
                            "cpu_core_count": "1",
                            "cpu_threads_per_core": "1",
                            "credit_specification.#": "1",
                            "credit_specification.0.cpu_credits": "standard",
                            "disable_api_termination": "false",
                            "ebs_block_device.#": "0",
                            "ebs_optimized": "false",
                            "ephemeral_block_device.#": "0",
                            "get_password_data": "false",
                            "hibernation": "false",
                            "iam_instance_profile": "",
                            "id": "i-091572c38a1ccae64",
                            "instance_state": "running",
                            "instance_type": "t2.micro",
                            "ipv6_address_count": "0",
                            "ipv6_addresses.#": "0",
                            "key_name": "",
                            "metadata_options.#": "1",
                            "metadata_options.0.http_endpoint": "enabled",
                            "metadata_options.0.http_put_response_hop_limit": "1",
                            "metadata_options.0.http_tokens": "optional",
                            "monitoring": "false",
                            "network_interface.#": "0",
                            "password_data": "",
                            "placement_group": "",
                            "primary_network_interface_id": "eni-02a3ba5f1c8abf3bc",
                            "private_dns": "ip-172-31-93-83.ec2.internal",
                            "private_ip": "172.31.93.83",
                            "public_dns": "ec2-3-87-207-186.compute-1.amazonaws.com",
                            "public_ip": "3.87.207.186",
                            "root_block_device.#": "1",
                            "root_block_device.0.delete_on_termination": "true",
                            "root_block_device.0.device_name": "/dev/xvda",
                            "root_block_device.0.encrypted": "false",
                            "root_block_device.0.iops": "100",
                            "root_block_device.0.kms_key_id": "",
                            "root_block_device.0.volume_id": "vol-0b7717387430a7d62",
                            "root_block_device.0.volume_size": "8",
                            "root_block_device.0.volume_type": "gp2",
                            "security_groups.#": "1",
                            "security_groups.3814588639": "default",
                            "source_dest_check": "true",
                            "subnet_id": "subnet-092b672873edea94a",
                            "tags.%": "1",
                            "tags.Name": "Public IP",
                            "tenancy": "default",
                            "volume_tags.%": "0",
                            "vpc_security_group_ids.#": "1",
                            "vpc_security_group_ids.436338310": "sg-09c33fe0e924fb965"
                        },
                        "meta": {
                            "e2bfb730-ecaa-11e6-8f88-34363bc7c4c0": {
                                "create": 600000000000,
                                "delete": 1200000000000,
                                "update": 600000000000
                            },
                            "schema_version": "1"
                        },
                        "tainted": false
                    },
                    "deposed": [],
                    "provider": "provider.aws"
                }
            },
            "depends_on": []
        }
    ]
}
