{
    "version": 3,
    "terraform_version": "0.11.13",
    "serial": 2,
    "lineage": "9c61b22a-3669-4637-1bc1-617968039466",
    "modules": [
        {
            "path": [
                "root"
            ],
            "outputs": {},
            "resources": {
                "aws_vpc.myvpc": {
                    "type": "aws_vpc",
                    "depends_on": [],
                    "primary": {
                        "id": "vpc-01a9fdc1f4816088e",
                        "attributes": {
                            "arn": "arn:aws:ec2:us-east-1:831368754098:vpc/vpc-01a9fdc1f4816088e",
                            "assign_generated_ipv6_cidr_block": "false",
                            "cidr_block": "192.168.0.0/24",
                            "default_network_acl_id": "acl-094f6dc8ed8e510bd",
                            "default_route_table_id": "rtb-02e1ba4f3d33175a8",
                            "default_security_group_id": "sg-0a9addb91741aca1f",
                            "dhcp_options_id": "dopt-443fc43e",
                            "enable_classiclink": "false",
                            "enable_classiclink_dns_support": "false",
                            "enable_dns_hostnames": "false",
                            "enable_dns_support": "true",
                            "id": "vpc-01a9fdc1f4816088e",
                            "instance_tenancy": "default",
                            "ipv6_association_id": "",
                            "ipv6_cidr_block": "",
                            "main_route_table_id": "rtb-02e1ba4f3d33175a8",
                            "owner_id": "831368754098",
                            "tags.%": "1",
                            "tags.Name": "CoolName"
                        },
                        "meta": {
                            "schema_version": "1"
                        },
                        "tainted": false
                    },
                    "deposed": [],
                    "provider": "provider.aws"
                }
            },
            "depends_on": []
        }
    ]
}
