{
    "version": 3,
    "terraform_version": "0.11.13",
    "serial": 2,
    "lineage": "7d577b78-3035-8584-101b-c7a1432c7359",
    "modules": [
        {
            "path": [
                "root"
            ],
            "outputs": {},
            "resources": {
                "aws_iam_user.mainUser": {
                    "type": "aws_iam_user",
                    "depends_on": [],
                    "primary": {
                        "id": "mainUser",
                        "attributes": {
                            "arn": "arn:aws:iam::831368754098:user/mainUser",
                            "force_destroy": "false",
                            "id": "mainUser",
                            "name": "mainUser",
                            "path": "/",
                            "tags.%": "0",
                            "unique_id": "AIDA4DELQOOZC5AUSCGBK"
                        },
                        "meta": {},
                        "tainted": false
                    },
                    "deposed": [],
                    "provider": "provider.aws"
                }
            },
            "depends_on": []
        },
        {
            "path": [
                "root",
                "ec2modules"
            ],
            "outputs": {},
            "resources": {
                "aws_instance.moduleEc2": {
                    "type": "aws_instance",
                    "depends_on": [],
                    "primary": {
                        "id": "i-03d5de71a7255785c",
                        "attributes": {
                            "ami": "ami-0323c3dd2da7fb37d",
                            "arn": "arn:aws:ec2:us-east-1:831368754098:instance/i-03d5de71a7255785c",
                            "associate_public_ip_address": "true",
                            "availability_zone": "us-east-1a",
                            "cpu_core_count": "1",
                            "cpu_threads_per_core": "1",
                            "credit_specification.#": "1",
                            "credit_specification.0.cpu_credits": "standard",
                            "disable_api_termination": "false",
                            "ebs_block_device.#": "0",
                            "ebs_optimized": "false",
                            "ephemeral_block_device.#": "0",
                            "get_password_data": "false",
                            "hibernation": "false",
                            "iam_instance_profile": "",
                            "id": "i-03d5de71a7255785c",
                            "instance_state": "running",
                            "instance_type": "t2.micro",
                            "ipv6_address_count": "0",
                            "ipv6_addresses.#": "0",
                            "key_name": "",
                            "metadata_options.#": "1",
                            "metadata_options.0.http_endpoint": "enabled",
                            "metadata_options.0.http_put_response_hop_limit": "1",
                            "metadata_options.0.http_tokens": "optional",
                            "monitoring": "false",
                            "network_interface.#": "0",
                            "password_data": "",
                            "placement_group": "",
                            "primary_network_interface_id": "eni-0e598cc5fcfe27c34",
                            "private_dns": "ip-172-31-95-56.ec2.internal",
                            "private_ip": "172.31.95.56",
                            "public_dns": "ec2-35-174-3-33.compute-1.amazonaws.com",
                            "public_ip": "35.174.3.33",
                            "root_block_device.#": "1",
                            "root_block_device.0.delete_on_termination": "true",
                            "root_block_device.0.device_name": "/dev/xvda",
                            "root_block_device.0.encrypted": "false",
                            "root_block_device.0.iops": "100",
                            "root_block_device.0.kms_key_id": "",
                            "root_block_device.0.volume_id": "vol-0ec8b243cf2c4611e",
                            "root_block_device.0.volume_size": "8",
                            "root_block_device.0.volume_type": "gp2",
                            "security_groups.#": "1",
                            "security_groups.3814588639": "default",
                            "source_dest_check": "true",
                            "subnet_id": "subnet-092b672873edea94a",
                            "tags.%": "1",
                            "tags.Name": "My first module",
                            "tenancy": "default",
                            "volume_tags.%": "0",
                            "vpc_security_group_ids.#": "1",
                            "vpc_security_group_ids.436338310": "sg-09c33fe0e924fb965"
                        },
                        "meta": {
                            "e2bfb730-ecaa-11e6-8f88-34363bc7c4c0": {
                                "create": 600000000000,
                                "delete": 1200000000000,
                                "update": 600000000000
                            },
                            "schema_version": "1"
                        },
                        "tainted": false
                    },
                    "deposed": [],
                    "provider": "provider.aws"
                }
            },
            "depends_on": []
        }
    ]
}
