{
    "version": 3,
    "terraform_version": "0.11.13",
    "serial": 2,
    "lineage": "fce25e89-d0e5-2365-840b-38dc7a827303",
    "modules": [
        {
            "path": [
                "root"
            ],
            "outputs": {},
            "resources": {
                "aws_db_instance.myRDS": {
                    "type": "aws_db_instance",
                    "depends_on": [],
                    "primary": {
                        "id": "my-first-rds",
                        "attributes": {
                            "address": "my-first-rds.cq3qobb1xjuc.us-east-1.rds.amazonaws.com",
                            "allocated_storage": "20",
                            "arn": "arn:aws:rds:us-east-1:831368754098:db:my-first-rds",
                            "auto_minor_version_upgrade": "true",
                            "availability_zone": "us-east-1f",
                            "backup_retention_period": "0",
                            "backup_window": "04:24-04:54",
                            "ca_cert_identifier": "rds-ca-2019",
                            "copy_tags_to_snapshot": "false",
                            "db_subnet_group_name": "default",
                            "delete_automated_backups": "true",
                            "deletion_protection": "false",
                            "domain": "",
                            "domain_iam_role_name": "",
                            "enabled_cloudwatch_logs_exports.#": "0",
                            "endpoint": "my-first-rds.cq3qobb1xjuc.us-east-1.rds.amazonaws.com:3306",
                            "engine": "mariadb",
                            "engine_version": "10.2.21",
                            "hosted_zone_id": "Z2R2ITUGPM61AM",
                            "iam_database_authentication_enabled": "false",
                            "id": "my-first-rds",
                            "identifier": "my-first-rds",
                            "instance_class": "db.t2.micro",
                            "iops": "0",
                            "kms_key_id": "",
                            "license_model": "general-public-license",
                            "maintenance_window": "fri:07:27-fri:07:57",
                            "max_allocated_storage": "0",
                            "monitoring_interval": "0",
                            "monitoring_role_arn": "",
                            "multi_az": "false",
                            "name": "mydb",
                            "option_group_name": "default:mariadb-10-2",
                            "parameter_group_name": "default.mariadb10.2",
                            "password": "password123",
                            "performance_insights_enabled": "false",
                            "performance_insights_kms_key_id": "",
                            "performance_insights_retention_period": "0",
                            "port": "3306",
                            "publicly_accessible": "false",
                            "replicas.#": "0",
                            "replicate_source_db": "",
                            "resource_id": "db-AOXQW5HLCI47LK6KMM3PTHV6NQ",
                            "security_group_names.#": "0",
                            "skip_final_snapshot": "true",
                            "status": "available",
                            "storage_encrypted": "false",
                            "storage_type": "gp2",
                            "tags.%": "0",
                            "timezone": "",
                            "username": "bob",
                            "vpc_security_group_ids.#": "1",
                            "vpc_security_group_ids.436338310": "sg-09c33fe0e924fb965"
                        },
                        "meta": {
                            "e2bfb730-ecaa-11e6-8f88-34363bc7c4c0": {
                                "create": 2400000000000,
                                "delete": 2400000000000,
                                "update": 4800000000000
                            },
                            "schema_version": "1"
                        },
                        "tainted": false
                    },
                    "deposed": [],
                    "provider": "provider.aws"
                }
            },
            "depends_on": []
        }
    ]
}
