{
    "version": 3,
    "terraform_version": "0.11.13",
    "serial": 4,
    "lineage": "9780f943-d78c-68d9-7173-b63b8e4c03db",
    "modules": [
        {
            "path": [
                "root"
            ],
            "outputs": {},
            "resources": {
                "aws_vpc.myfirstVpc": {
                    "type": "aws_vpc",
                    "depends_on": [],
                    "primary": {
                        "id": "vpc-0be4744e2c6a44c7d",
                        "attributes": {
                            "arn": "arn:aws:ec2:us-east-1:831368754098:vpc/vpc-0be4744e2c6a44c7d",
                            "assign_generated_ipv6_cidr_block": "false",
                            "cidr_block": "10.0.0.0/16",
                            "default_network_acl_id": "acl-0b6c8c47cefab9502",
                            "default_route_table_id": "rtb-0aa8a11e8a84f005f",
                            "default_security_group_id": "sg-0563e815ac79003b2",
                            "dhcp_options_id": "dopt-443fc43e",
                            "enable_classiclink": "false",
                            "enable_classiclink_dns_support": "false",
                            "enable_dns_hostnames": "false",
                            "enable_dns_support": "true",
                            "id": "vpc-0be4744e2c6a44c7d",
                            "instance_tenancy": "default",
                            "ipv6_association_id": "",
                            "ipv6_cidr_block": "",
                            "main_route_table_id": "rtb-0aa8a11e8a84f005f",
                            "owner_id": "831368754098",
                            "tags.%": "0"
                        },
                        "meta": {
                            "schema_version": "1"
                        },
                        "tainted": false
                    },
                    "deposed": [],
                    "provider": "provider.aws"
                }
            },
            "depends_on": []
        }
    ]
}
